github.com/davecgh/go-spew v1.1.1 h1:vj9j/u1bqnvCEfJOwUhtlOARqs3+rkHYY13jYWTU97c=
github.com/go-asn1-ber/asn1-ber v1.5.4 h1:vXT6d/FNDiELJnLb6hGNa309LMsrCoYFvpwHDF0+Y1A=
github.com/go-asn1-ber/asn1-ber v1.5.4/go.mod h1:hEBeB/ic+5LoWskz+yKT7vGhhPYkProFKoKdwZRWMe0=
github.com/pmezard/go-difflib v1.0.0 h1:4DBwDE0NGyQoBHbLQYPwSUPoCMWR5BEzIk/f1lZbAQM=
github.com/stretchr/testify v1.8.2 h1:+h33VjcLVPDHtOdpUCuF+7gSuG3yGIftsP1YvFihtJ8=
github.com/tsaarni/certyaml v0.9.2 h1:LoRTuajwjJ1CHAJiMv5cpOtwQ05207Oqe6cT9D7WDaQ=
github.com/tsaarni/certyaml v0.9.2/go.mod h1:s+ErAC1wZ32r1ihSULvR7HXedKKN5HZasdb8Cj8gT9E=
github.com/tsaarni/x500dn v1.0.0 h1:LvaWTkqRpse4VHBhB5uwf3wytokK4vF9IOyNAEyiA+U=
github.com/tsaarni/x500dn v1.0.0/go.mod h1:QaHa3EcUKC4dfCAZmj8+ZRGLKukWgpGv9H3oOCsAbcE=
gopkg.in/yaml.v3 v3.0.1 h1:fxVm/GzAzEWqLHuvctI91KS9hhNmmWOoWu0XTYJS7CA=
